
Microsoft Visual Studio Solution File, Format Version 12.00
# Visual Studio Version 16
VisualStudioVersion = 16.0.30204.135
MinimumVisualStudioVersion = 10.0.40219.1
Project("{FAE04EC0-301F-11D3-BF4B-00C04F79EFBC}") = "MS_GUI", "MS_GUI\MS_GUI.csproj", "{5EFF6EB2-96A8-493C-8909-FA6207BC8788}"
EndProject
Global
	GlobalSection(SolutionConfigurationPlatforms) = preSolution
		Debug|Any CPU = Debug|Any CPU
		Release|Any CPU = Release|Any CPU
	EndGlobalSection
	GlobalSection(ProjectConfigurationPlatforms) = postSolution
		{5EFF6EB2-96A8-493C-8909-FA6207BC8788}.Debug|Any CPU.ActiveCfg = Debug|Any CPU
		{5EFF6EB2-96A8-493C-8909-FA6207BC8788}.Debug|Any CPU.Build.0 = Debug|Any CPU
		{5EFF6EB2-96A8-493C-8909-FA6207BC8788}.Release|Any CPU.ActiveCfg = Release|Any CPU
		{5EFF6EB2-96A8-493C-8909-FA6207BC8788}.Release|Any CPU.Build.0 = Release|Any CPU
	EndGlobalSection
	GlobalSection(SolutionProperties) = preSolution
		HideSolutionNode = FALSE
	EndGlobalSection
	GlobalSection(ExtensibilityGlobals) = postSolution
		SolutionGuid = {888BE25E-8940-48C8-B4EE-6F83B225022D}
	EndGlobalSection
EndGlobal
